
Microsoft Visual Studio Solution File, Format Version 12.00
# Visual Studio 15
VisualStudioVersion = 15.0.27703.2042
MinimumVisualStudioVersion = 10.0.40219.1
Project("{FAE04EC0-301F-11D3-BF4B-00C04F79EFBC}") = "CristmasTree_Static", "CristmasTree_Static\CristmasTree_Static.csproj", "{722FAEFD-04F9-439B-BCBB-B11F8D1D1341}"
EndProject
Global
	GlobalSection(SolutionConfigurationPlatforms) = preSolution
		Debug|Any CPU = Debug|Any CPU
		Release|Any CPU = Release|Any CPU
	EndGlobalSection
	GlobalSection(ProjectConfigurationPlatforms) = postSolution
		{722FAEFD-04F9-439B-BCBB-B11F8D1D1341}.Debug|Any CPU.ActiveCfg = Debug|Any CPU
		{722FAEFD-04F9-439B-BCBB-B11F8D1D1341}.Debug|Any CPU.Build.0 = Debug|Any CPU
		{722FAEFD-04F9-439B-BCBB-B11F8D1D1341}.Release|Any CPU.ActiveCfg = Release|Any CPU
		{722FAEFD-04F9-439B-BCBB-B11F8D1D1341}.Release|Any CPU.Build.0 = Release|Any CPU
	EndGlobalSection
	GlobalSection(SolutionProperties) = preSolution
		HideSolutionNode = FALSE
	EndGlobalSection
	GlobalSection(ExtensibilityGlobals) = postSolution
		SolutionGuid = {A8448E12-6033-49D0-BD11-E11AE13B6423}
	EndGlobalSection
EndGlobal
